
Microsoft Visual Studio Solution File, Format Version 12.00
# Visual Studio Version 17
VisualStudioVersion = 17.1.32328.378
MinimumVisualStudioVersion = 10.0.40219.1
Project("{F184B08F-C81C-45F6-A57F-5ABD9991F28F}") = "Penjualan", "Penjualan\Penjualan.vbproj", "{EEE61C8D-950E-4F96-9B0C-4C8B60472154}"
EndProject
Global
	GlobalSection(SolutionConfigurationPlatforms) = preSolution
		Debug|Any CPU = Debug|Any CPU
		Release|Any CPU = Release|Any CPU
	EndGlobalSection
	GlobalSection(ProjectConfigurationPlatforms) = postSolution
		{EEE61C8D-950E-4F96-9B0C-4C8B60472154}.Debug|Any CPU.ActiveCfg = Debug|Any CPU
		{EEE61C8D-950E-4F96-9B0C-4C8B60472154}.Debug|Any CPU.Build.0 = Debug|Any CPU
		{EEE61C8D-950E-4F96-9B0C-4C8B60472154}.Release|Any CPU.ActiveCfg = Release|Any CPU
		{EEE61C8D-950E-4F96-9B0C-4C8B60472154}.Release|Any CPU.Build.0 = Release|Any CPU
	EndGlobalSection
	GlobalSection(SolutionProperties) = preSolution
		HideSolutionNode = FALSE
	EndGlobalSection
	GlobalSection(ExtensibilityGlobals) = postSolution
		SolutionGuid = {67A13A59-E1FC-49F4-B0D9-8008E03A0724}
	EndGlobalSection
EndGlobal
